
Microsoft Visual Studio Solution File, Format Version 12.00
Project("{FAE04EC0-301F-11D3-BF4B-00C04F79EFBC}") = "Fuwafuwa.Core", "Fuwafuwa.Core\Fuwafuwa.Core.csproj", "{F6CD325A-2CDF-4295-869F-B7D93BB3A683}"
EndProject
Global
	GlobalSection(SolutionConfigurationPlatforms) = preSolution
		Debug|Any CPU = Debug|Any CPU
		Release|Any CPU = Release|Any CPU
	EndGlobalSection
	GlobalSection(ProjectConfigurationPlatforms) = postSolution
		{F6CD325A-2CDF-4295-869F-B7D93BB3A683}.Debug|Any CPU.ActiveCfg = Debug|Any CPU
		{F6CD325A-2CDF-4295-869F-B7D93BB3A683}.Debug|Any CPU.Build.0 = Debug|Any CPU
		{F6CD325A-2CDF-4295-869F-B7D93BB3A683}.Release|Any CPU.ActiveCfg = Release|Any CPU
		{F6CD325A-2CDF-4295-869F-B7D93BB3A683}.Release|Any CPU.Build.0 = Release|Any CPU
	EndGlobalSection
EndGlobal
